
Microsoft Visual Studio Solution File, Format Version 12.00
# Visual Studio Version 17
VisualStudioVersion = 17.4.33122.133
MinimumVisualStudioVersion = 10.0.40219.1
Project("{FAE04EC0-301F-11D3-BF4B-00C04F79EFBC}") = "ClassMetotDemo", "ClassMetotDemo\ClassMetotDemo.csproj", "{8C6CDD6A-3AE7-4C06-B630-5B1A76BF72A1}"
EndProject
Global
	GlobalSection(SolutionConfigurationPlatforms) = preSolution
		Debug|Any CPU = Debug|Any CPU
		Release|Any CPU = Release|Any CPU
	EndGlobalSection
	GlobalSection(ProjectConfigurationPlatforms) = postSolution
		{8C6CDD6A-3AE7-4C06-B630-5B1A76BF72A1}.Debug|Any CPU.ActiveCfg = Debug|Any CPU
		{8C6CDD6A-3AE7-4C06-B630-5B1A76BF72A1}.Debug|Any CPU.Build.0 = Debug|Any CPU
		{8C6CDD6A-3AE7-4C06-B630-5B1A76BF72A1}.Release|Any CPU.ActiveCfg = Release|Any CPU
		{8C6CDD6A-3AE7-4C06-B630-5B1A76BF72A1}.Release|Any CPU.Build.0 = Release|Any CPU
	EndGlobalSection
	GlobalSection(SolutionProperties) = preSolution
		HideSolutionNode = FALSE
	EndGlobalSection
	GlobalSection(ExtensibilityGlobals) = postSolution
		SolutionGuid = {EB42FFC5-C906-48A9-8DE2-4035C35EEE97}
	EndGlobalSection
EndGlobal
